
Microsoft Visual Studio Solution File, Format Version 12.00
# Visual Studio Version 16
VisualStudioVersion = 16.0.28803.452
MinimumVisualStudioVersion = 10.0.40219.1
Project("{FAE04EC0-301F-11D3-BF4B-00C04F79EFBC}") = "TipCalculator", "TipCalculator\TipCalculator.csproj", "{BD2E0676-16DA-4B2C-B8ED-16A184AF04FF}"
EndProject
Global
	GlobalSection(SolutionConfigurationPlatforms) = preSolution
		Debug|Any CPU = Debug|Any CPU
		Release|Any CPU = Release|Any CPU
	EndGlobalSection
	GlobalSection(ProjectConfigurationPlatforms) = postSolution
		{BD2E0676-16DA-4B2C-B8ED-16A184AF04FF}.Debug|Any CPU.ActiveCfg = Debug|Any CPU
		{BD2E0676-16DA-4B2C-B8ED-16A184AF04FF}.Debug|Any CPU.Build.0 = Debug|Any CPU
		{BD2E0676-16DA-4B2C-B8ED-16A184AF04FF}.Debug|Any CPU.Deploy.0 = Debug|Any CPU
		{BD2E0676-16DA-4B2C-B8ED-16A184AF04FF}.Release|Any CPU.ActiveCfg = Release|Any CPU
		{BD2E0676-16DA-4B2C-B8ED-16A184AF04FF}.Release|Any CPU.Build.0 = Release|Any CPU
		{BD2E0676-16DA-4B2C-B8ED-16A184AF04FF}.Release|Any CPU.Deploy.0 = Release|Any CPU
	EndGlobalSection
	GlobalSection(SolutionProperties) = preSolution
		HideSolutionNode = FALSE
	EndGlobalSection
	GlobalSection(ExtensibilityGlobals) = postSolution
		SolutionGuid = {8FBEF6BA-61D7-449B-A852-486E47CE78B4}
	EndGlobalSection
EndGlobal
